
Microsoft Visual Studio Solution File, Format Version 11.00
# Visual Studio 2010
Project("{FAE04EC0-301F-11D3-BF4B-00C04F79EFBC}") = "WCF_Test", "WCF_Test\WCF_Test.csproj", "{A2D780A7-3708-4C0C-90C2-2C3220625ABC}"
EndProject
Project("{FAE04EC0-301F-11D3-BF4B-00C04F79EFBC}") = "WCF_Host", "WCF_Host\WCF_Host.csproj", "{63171ED3-8DC0-4CB9-AF12-7C996577DAAD}"
EndProject
Global
	GlobalSection(SolutionConfigurationPlatforms) = preSolution
		Debug|Any CPU = Debug|Any CPU
		Debug|Mixed Platforms = Debug|Mixed Platforms
		Debug|x86 = Debug|x86
		Release|Any CPU = Release|Any CPU
		Release|Mixed Platforms = Release|Mixed Platforms
		Release|x86 = Release|x86
	EndGlobalSection
	GlobalSection(ProjectConfigurationPlatforms) = postSolution
		{A2D780A7-3708-4C0C-90C2-2C3220625ABC}.Debug|Any CPU.ActiveCfg = Debug|Any CPU
		{A2D780A7-3708-4C0C-90C2-2C3220625ABC}.Debug|Any CPU.Build.0 = Debug|Any CPU
		{A2D780A7-3708-4C0C-90C2-2C3220625ABC}.Debug|Mixed Platforms.ActiveCfg = Debug|Any CPU
		{A2D780A7-3708-4C0C-90C2-2C3220625ABC}.Debug|Mixed Platforms.Build.0 = Debug|Any CPU
		{A2D780A7-3708-4C0C-90C2-2C3220625ABC}.Debug|x86.ActiveCfg = Debug|Any CPU
		{A2D780A7-3708-4C0C-90C2-2C3220625ABC}.Release|Any CPU.ActiveCfg = Release|Any CPU
		{A2D780A7-3708-4C0C-90C2-2C3220625ABC}.Release|Any CPU.Build.0 = Release|Any CPU
		{A2D780A7-3708-4C0C-90C2-2C3220625ABC}.Release|Mixed Platforms.ActiveCfg = Release|Any CPU
		{A2D780A7-3708-4C0C-90C2-2C3220625ABC}.Release|Mixed Platforms.Build.0 = Release|Any CPU
		{A2D780A7-3708-4C0C-90C2-2C3220625ABC}.Release|x86.ActiveCfg = Release|Any CPU
		{63171ED3-8DC0-4CB9-AF12-7C996577DAAD}.Debug|Any CPU.ActiveCfg = Debug|x86
		{63171ED3-8DC0-4CB9-AF12-7C996577DAAD}.Debug|Mixed Platforms.ActiveCfg = Debug|x86
		{63171ED3-8DC0-4CB9-AF12-7C996577DAAD}.Debug|Mixed Platforms.Build.0 = Debug|x86
		{63171ED3-8DC0-4CB9-AF12-7C996577DAAD}.Debug|x86.ActiveCfg = Debug|x86
		{63171ED3-8DC0-4CB9-AF12-7C996577DAAD}.Debug|x86.Build.0 = Debug|x86
		{63171ED3-8DC0-4CB9-AF12-7C996577DAAD}.Release|Any CPU.ActiveCfg = Release|x86
		{63171ED3-8DC0-4CB9-AF12-7C996577DAAD}.Release|Mixed Platforms.ActiveCfg = Release|x86
		{63171ED3-8DC0-4CB9-AF12-7C996577DAAD}.Release|Mixed Platforms.Build.0 = Release|x86
		{63171ED3-8DC0-4CB9-AF12-7C996577DAAD}.Release|x86.ActiveCfg = Release|x86
		{63171ED3-8DC0-4CB9-AF12-7C996577DAAD}.Release|x86.Build.0 = Release|x86
	EndGlobalSection
	GlobalSection(SolutionProperties) = preSolution
		HideSolutionNode = FALSE
	EndGlobalSection
EndGlobal
