
Microsoft Visual Studio Solution File, Format Version 11.00
# Visual Studio 2010
Project("{FAE04EC0-301F-11D3-BF4B-00C04F79EFBC}") = "myWebCloudServiceProject", "myWebCloudServiceProject\myWebCloudServiceProject.csproj", "{02CD434C-6875-4551-91B4-68CAB0B15AD2}"
EndProject
Global
	GlobalSection(SolutionConfigurationPlatforms) = preSolution
		Debug|Any CPU = Debug|Any CPU
		Release|Any CPU = Release|Any CPU
	EndGlobalSection
	GlobalSection(ProjectConfigurationPlatforms) = postSolution
		{02CD434C-6875-4551-91B4-68CAB0B15AD2}.Debug|Any CPU.ActiveCfg = Debug|Any CPU
		{02CD434C-6875-4551-91B4-68CAB0B15AD2}.Debug|Any CPU.Build.0 = Debug|Any CPU
		{02CD434C-6875-4551-91B4-68CAB0B15AD2}.Release|Any CPU.ActiveCfg = Release|Any CPU
		{02CD434C-6875-4551-91B4-68CAB0B15AD2}.Release|Any CPU.Build.0 = Release|Any CPU
	EndGlobalSection
	GlobalSection(SolutionProperties) = preSolution
		HideSolutionNode = FALSE
	EndGlobalSection
EndGlobal
